
Microsoft Visual Studio Solution File, Format Version 12.00
# Visual Studio Version 16
VisualStudioVersion = 16.0.30204.135
MinimumVisualStudioVersion = 10.0.40219.1
Project("{9A19103F-16F7-4668-BE54-9A1E7A4F7556}") = "Services", "Services\Services.csproj", "{5EF558BE-2C74-4EA8-A025-981036EC38C9}"
EndProject
Project("{9A19103F-16F7-4668-BE54-9A1E7A4F7556}") = "Repositories", "Repositories\Repositories.csproj", "{68FBAB11-A4B6-4F42-A9F9-E69DB06F2590}"
EndProject
Project("{9A19103F-16F7-4668-BE54-9A1E7A4F7556}") = "Funtions", "Functions\Funtions.csproj", "{1F5807F2-B05F-4EAA-9DDA-B4728BD85501}"
EndProject
Project("{FAE04EC0-301F-11D3-BF4B-00C04F79EFBC}") = "CsvRepositories", "CsvRepositories\CsvRepositories.csproj", "{9CB098F0-0A4A-4DF9-BDE5-3822433609E5}"
EndProject
Project("{2150E333-8FDC-42A3-9474-1A3956D46DE8}") = "Repo", "Repo", "{CE290EFE-4E45-4C6D-90AA-E790ADF41AD5}"
EndProject
Global
	GlobalSection(SolutionConfigurationPlatforms) = preSolution
		Debug|Any CPU = Debug|Any CPU
		Release|Any CPU = Release|Any CPU
	EndGlobalSection
	GlobalSection(ProjectConfigurationPlatforms) = postSolution
		{5EF558BE-2C74-4EA8-A025-981036EC38C9}.Debug|Any CPU.ActiveCfg = Debug|Any CPU
		{5EF558BE-2C74-4EA8-A025-981036EC38C9}.Debug|Any CPU.Build.0 = Debug|Any CPU
		{5EF558BE-2C74-4EA8-A025-981036EC38C9}.Release|Any CPU.ActiveCfg = Release|Any CPU
		{5EF558BE-2C74-4EA8-A025-981036EC38C9}.Release|Any CPU.Build.0 = Release|Any CPU
		{68FBAB11-A4B6-4F42-A9F9-E69DB06F2590}.Debug|Any CPU.ActiveCfg = Debug|Any CPU
		{68FBAB11-A4B6-4F42-A9F9-E69DB06F2590}.Debug|Any CPU.Build.0 = Debug|Any CPU
		{68FBAB11-A4B6-4F42-A9F9-E69DB06F2590}.Release|Any CPU.ActiveCfg = Release|Any CPU
		{68FBAB11-A4B6-4F42-A9F9-E69DB06F2590}.Release|Any CPU.Build.0 = Release|Any CPU
		{1F5807F2-B05F-4EAA-9DDA-B4728BD85501}.Debug|Any CPU.ActiveCfg = Debug|Any CPU
		{1F5807F2-B05F-4EAA-9DDA-B4728BD85501}.Debug|Any CPU.Build.0 = Debug|Any CPU
		{1F5807F2-B05F-4EAA-9DDA-B4728BD85501}.Release|Any CPU.ActiveCfg = Release|Any CPU
		{1F5807F2-B05F-4EAA-9DDA-B4728BD85501}.Release|Any CPU.Build.0 = Release|Any CPU
		{9CB098F0-0A4A-4DF9-BDE5-3822433609E5}.Debug|Any CPU.ActiveCfg = Debug|Any CPU
		{9CB098F0-0A4A-4DF9-BDE5-3822433609E5}.Debug|Any CPU.Build.0 = Debug|Any CPU
		{9CB098F0-0A4A-4DF9-BDE5-3822433609E5}.Release|Any CPU.ActiveCfg = Release|Any CPU
		{9CB098F0-0A4A-4DF9-BDE5-3822433609E5}.Release|Any CPU.Build.0 = Release|Any CPU
	EndGlobalSection
	GlobalSection(SolutionProperties) = preSolution
		HideSolutionNode = FALSE
	EndGlobalSection
	GlobalSection(NestedProjects) = preSolution
		{68FBAB11-A4B6-4F42-A9F9-E69DB06F2590} = {CE290EFE-4E45-4C6D-90AA-E790ADF41AD5}
		{9CB098F0-0A4A-4DF9-BDE5-3822433609E5} = {CE290EFE-4E45-4C6D-90AA-E790ADF41AD5}
	EndGlobalSection
	GlobalSection(ExtensibilityGlobals) = postSolution
		SolutionGuid = {811420EB-40D4-42C3-A8B3-9DE9CC84409D}
	EndGlobalSection
EndGlobal
